// !$*UTF8*$!
{
	archiveVersion = 1;
	classes = {
	};
	objectVersion = 50;
	objects = {

/* Begin PBXBuildFile section */
		9D53D86D626BF28DAFD75F90 /* Pods_FluidInterfaces.framework in Frameworks */ = {isa = PBXBuildFile; fileRef = C94510D0D3BC18488A79302C /* Pods_FluidInterfaces.framework */; };
		BEED21862256E28900394EE9 /* AppDelegate.swift in Sources */ = {isa = PBXBuildFile; fileRef = BEED21852256E28900394EE9 /* AppDelegate.swift */; };
		BEED21882256E28900394EE9 /* MenuViewController.swift in Sources */ = {isa = PBXBuildFile; fileRef = BEED21872256E28900394EE9 /* MenuViewController.swift */; };
		BEED218B2256E28900394EE9 /* Main.storyboard in Resources */ = {isa = PBXBuildFile; fileRef = BEED21892256E28900394EE9 /* Main.storyboard */; };
		BEED218D2256E28A00394EE9 /* Assets.xcassets in Resources */ = {isa = PBXBuildFile; fileRef = BEED218C2256E28A00394EE9 /* Assets.xcassets */; };
		BEED21902256E28A00394EE9 /* LaunchScreen.storyboard in Resources */ = {isa = PBXBuildFile; fileRef = BEED218E2256E28A00394EE9 /* LaunchScreen.storyboard */; };
		BEED21992256E40400394EE9 /* AppleWatchBreatheVC.swift in Sources */ = {isa = PBXBuildFile; fileRef = BEED21982256E40400394EE9 /* AppleWatchBreatheVC.swift */; };
		BEED219B2256E42D00394EE9 /* BreatheView.swift in Sources */ = {isa = PBXBuildFile; fileRef = BEED219A2256E42D00394EE9 /* BreatheView.swift */; };
		BEED219E2256E57F00394EE9 /* AnimatedWaveViewVC.swift in Sources */ = {isa = PBXBuildFile; fileRef = BEED219D2256E57F00394EE9 /* AnimatedWaveViewVC.swift */; };
		BEED21A22256E58800394EE9 /* AnimatedWaveView.swift in Sources */ = {isa = PBXBuildFile; fileRef = BEED219F2256E58800394EE9 /* AnimatedWaveView.swift */; };
		BEED21A32256E58800394EE9 /* PathBuilder.swift in Sources */ = {isa = PBXBuildFile; fileRef = BEED21A02256E58800394EE9 /* PathBuilder.swift */; };
		BEED21A42256E58800394EE9 /* RadialGradientLayer.swift in Sources */ = {isa = PBXBuildFile; fileRef = BEED21A12256E58800394EE9 /* RadialGradientLayer.swift */; };
		BEED21B42256E9FD00394EE9 /* CalculatorButton.swift in Sources */ = {isa = PBXBuildFile; fileRef = BEED21A62256E9FC00394EE9 /* CalculatorButton.swift */; };
		BEED21B52256E9FD00394EE9 /* Pip.swift in Sources */ = {isa = PBXBuildFile; fileRef = BEED21A72256E9FC00394EE9 /* Pip.swift */; };
		BEED21B62256E9FD00394EE9 /* CGPointExtensions.swift in Sources */ = {isa = PBXBuildFile; fileRef = BEED21A82256E9FC00394EE9 /* CGPointExtensions.swift */; };
		BEED21B72256E9FD00394EE9 /* Spring.swift in Sources */ = {isa = PBXBuildFile; fileRef = BEED21A92256E9FC00394EE9 /* Spring.swift */; };
		BEED21B82256E9FD00394EE9 /* Interface.swift in Sources */ = {isa = PBXBuildFile; fileRef = BEED21AA2256E9FC00394EE9 /* Interface.swift */; };
		BEED21B92256E9FD00394EE9 /* Rubberbanding.swift in Sources */ = {isa = PBXBuildFile; fileRef = BEED21AB2256E9FC00394EE9 /* Rubberbanding.swift */; };
		BEED21BA2256E9FD00394EE9 /* Acceleration.swift in Sources */ = {isa = PBXBuildFile; fileRef = BEED21AC2256E9FC00394EE9 /* Acceleration.swift */; };
		BEED21BB2256E9FD00394EE9 /* UIViewExtensions.swift in Sources */ = {isa = PBXBuildFile; fileRef = BEED21AD2256E9FC00394EE9 /* UIViewExtensions.swift */; };
		BEED21BC2256E9FD00394EE9 /* SwiftExtensions.swift in Sources */ = {isa = PBXBuildFile; fileRef = BEED21AE2256E9FC00394EE9 /* SwiftExtensions.swift */; };
		BEED21BD2256E9FD00394EE9 /* FlashlightButton.swift in Sources */ = {isa = PBXBuildFile; fileRef = BEED21AF2256E9FC00394EE9 /* FlashlightButton.swift */; };
		BEED21BE2256E9FD00394EE9 /* Momentum.swift in Sources */ = {isa = PBXBuildFile; fileRef = BEED21B02256E9FC00394EE9 /* Momentum.swift */; };
		BEED21BF2256E9FD00394EE9 /* GradientView.swift in Sources */ = {isa = PBXBuildFile; fileRef = BEED21B12256E9FC00394EE9 /* GradientView.swift */; };
		BEED21C02256E9FD00394EE9 /* Rotation.swift in Sources */ = {isa = PBXBuildFile; fileRef = BEED21B22256E9FC00394EE9 /* Rotation.swift */; };
		BEED21C12256E9FD00394EE9 /* UIColorExtensions.swift in Sources */ = {isa = PBXBuildFile; fileRef = BEED21B32256E9FC00394EE9 /* UIColorExtensions.swift */; };
		BEED21C32256EA6700394EE9 /* InterfaceViewController.swift in Sources */ = {isa = PBXBuildFile; fileRef = BEED21C22256EA6700394EE9 /* InterfaceViewController.swift */; };
		BEED21D1225702A800394EE9 /* ParallaxImageViewController.swift in Sources */ = {isa = PBXBuildFile; fileRef = BEED21C5225702A700394EE9 /* ParallaxImageViewController.swift */; };
		BEED21D2225702A800394EE9 /* PagingCollectionViewFlowLayout.swift in Sources */ = {isa = PBXBuildFile; fileRef = BEED21C6225702A700394EE9 /* PagingCollectionViewFlowLayout.swift */; };
		BEED21D3225702A800394EE9 /* ParallaxImageAppearCollectionViewCell.swift in Sources */ = {isa = PBXBuildFile; fileRef = BEED21C8225702A800394EE9 /* ParallaxImageAppearCollectionViewCell.swift */; };
		BEED21D4225702A800394EE9 /* ParallaxImageCollectionViewCell.swift in Sources */ = {isa = PBXBuildFile; fileRef = BEED21C9225702A800394EE9 /* ParallaxImageCollectionViewCell.swift */; };
		BEED21D5225702A800394EE9 /* ParallaxScaleCollectionViewCell.swift in Sources */ = {isa = PBXBuildFile; fileRef = BEED21CA225702A800394EE9 /* ParallaxScaleCollectionViewCell.swift */; };
		BEED21D6225702A800394EE9 /* ParallaxTheEndCollectionViewCell.swift in Sources */ = {isa = PBXBuildFile; fileRef = BEED21CB225702A800394EE9 /* ParallaxTheEndCollectionViewCell.swift */; };
		BEED21D7225702A800394EE9 /* ParallaxIntroCollectionViewCell.swift in Sources */ = {isa = PBXBuildFile; fileRef = BEED21CC225702A800394EE9 /* ParallaxIntroCollectionViewCell.swift */; };
		BEED21D8225702A800394EE9 /* ParallaxDoubleImageCollectionViewCell.swift in Sources */ = {isa = PBXBuildFile; fileRef = BEED21CD225702A800394EE9 /* ParallaxDoubleImageCollectionViewCell.swift */; };
		BEED21D9225702A800394EE9 /* ParallaxImageView.swift in Sources */ = {isa = PBXBuildFile; fileRef = BEED21CF225702A800394EE9 /* ParallaxImageView.swift */; };
		BEED21DA225702A800394EE9 /* ProgressDotView.swift in Sources */ = {isa = PBXBuildFile; fileRef = BEED21D0225702A800394EE9 /* ProgressDotView.swift */; };
/* End PBXBuildFile section */

/* Begin PBXFileReference section */
		721C0494238824A526333666 /* Pods-FluidInterfaces.release.xcconfig */ = {isa = PBXFileReference; includeInIndex = 1; lastKnownFileType = text.xcconfig; name = "Pods-FluidInterfaces.release.xcconfig"; path = "Target Support Files/Pods-FluidInterfaces/Pods-FluidInterfaces.release.xcconfig"; sourceTree = "<group>"; };
		90C0DCABE961A5C224B1036C /* Pods-FluidInterfaces.debug.xcconfig */ = {isa = PBXFileReference; includeInIndex = 1; lastKnownFileType = text.xcconfig; name = "Pods-FluidInterfaces.debug.xcconfig"; path = "Target Support Files/Pods-FluidInterfaces/Pods-FluidInterfaces.debug.xcconfig"; sourceTree = "<group>"; };
		BEED21822256E28900394EE9 /* FluidInterfaces.app */ = {isa = PBXFileReference; explicitFileType = wrapper.application; includeInIndex = 0; path = FluidInterfaces.app; sourceTree = BUILT_PRODUCTS_DIR; };
		BEED21852256E28900394EE9 /* AppDelegate.swift */ = {isa = PBXFileReference; lastKnownFileType = sourcecode.swift; path = AppDelegate.swift; sourceTree = "<group>"; };
		BEED21872256E28900394EE9 /* MenuViewController.swift */ = {isa = PBXFileReference; lastKnownFileType = sourcecode.swift; path = MenuViewController.swift; sourceTree = "<group>"; };
		BEED218A2256E28900394EE9 /* Base */ = {isa = PBXFileReference; lastKnownFileType = file.storyboard; name = Base; path = Base.lproj/Main.storyboard; sourceTree = "<group>"; };
		BEED218C2256E28A00394EE9 /* Assets.xcassets */ = {isa = PBXFileReference; lastKnownFileType = folder.assetcatalog; path = Assets.xcassets; sourceTree = "<group>"; };
		BEED218F2256E28A00394EE9 /* Base */ = {isa = PBXFileReference; lastKnownFileType = file.storyboard; name = Base; path = Base.lproj/LaunchScreen.storyboard; sourceTree = "<group>"; };
		BEED21912256E28A00394EE9 /* Info.plist */ = {isa = PBXFileReference; lastKnownFileType = text.plist.xml; path = Info.plist; sourceTree = "<group>"; };
		BEED21982256E40400394EE9 /* AppleWatchBreatheVC.swift */ = {isa = PBXFileReference; lastKnownFileType = sourcecode.swift; path = AppleWatchBreatheVC.swift; sourceTree = "<group>"; };
		BEED219A2256E42D00394EE9 /* BreatheView.swift */ = {isa = PBXFileReference; fileEncoding = 4; lastKnownFileType = sourcecode.swift; path = BreatheView.swift; sourceTree = "<group>"; };
		BEED219D2256E57F00394EE9 /* AnimatedWaveViewVC.swift */ = {isa = PBXFileReference; lastKnownFileType = sourcecode.swift; path = AnimatedWaveViewVC.swift; sourceTree = "<group>"; };
		BEED219F2256E58800394EE9 /* AnimatedWaveView.swift */ = {isa = PBXFileReference; fileEncoding = 4; lastKnownFileType = sourcecode.swift; path = AnimatedWaveView.swift; sourceTree = "<group>"; };
		BEED21A02256E58800394EE9 /* PathBuilder.swift */ = {isa = PBXFileReference; fileEncoding = 4; lastKnownFileType = sourcecode.swift; path = PathBuilder.swift; sourceTree = "<group>"; };
		BEED21A12256E58800394EE9 /* RadialGradientLayer.swift */ = {isa = PBXFileReference; fileEncoding = 4; lastKnownFileType = sourcecode.swift; path = RadialGradientLayer.swift; sourceTree = "<group>"; };
		BEED21A62256E9FC00394EE9 /* CalculatorButton.swift */ = {isa = PBXFileReference; fileEncoding = 4; lastKnownFileType = sourcecode.swift; path = CalculatorButton.swift; sourceTree = "<group>"; };
		BEED21A72256E9FC00394EE9 /* Pip.swift */ = {isa = PBXFileReference; fileEncoding = 4; lastKnownFileType = sourcecode.swift; path = Pip.swift; sourceTree = "<group>"; };
		BEED21A82256E9FC00394EE9 /* CGPointExtensions.swift */ = {isa = PBXFileReference; fileEncoding = 4; lastKnownFileType = sourcecode.swift; path = CGPointExtensions.swift; sourceTree = "<group>"; };
		BEED21A92256E9FC00394EE9 /* Spring.swift */ = {isa = PBXFileReference; fileEncoding = 4; lastKnownFileType = sourcecode.swift; path = Spring.swift; sourceTree = "<group>"; };
		BEED21AA2256E9FC00394EE9 /* Interface.swift */ = {isa = PBXFileReference; fileEncoding = 4; lastKnownFileType = sourcecode.swift; path = Interface.swift; sourceTree = "<group>"; };
		BEED21AB2256E9FC00394EE9 /* Rubberbanding.swift */ = {isa = PBXFileReference; fileEncoding = 4; lastKnownFileType = sourcecode.swift; path = Rubberbanding.swift; sourceTree = "<group>"; };
		BEED21AC2256E9FC00394EE9 /* Acceleration.swift */ = {isa = PBXFileReference; fileEncoding = 4; lastKnownFileType = sourcecode.swift; path = Acceleration.swift; sourceTree = "<group>"; };
		BEED21AD2256E9FC00394EE9 /* UIViewExtensions.swift */ = {isa = PBXFileReference; fileEncoding = 4; lastKnownFileType = sourcecode.swift; path = UIViewExtensions.swift; sourceTree = "<group>"; };
		BEED21AE2256E9FC00394EE9 /* SwiftExtensions.swift */ = {isa = PBXFileReference; fileEncoding = 4; lastKnownFileType = sourcecode.swift; path = SwiftExtensions.swift; sourceTree = "<group>"; };
		BEED21AF2256E9FC00394EE9 /* FlashlightButton.swift */ = {isa = PBXFileReference; fileEncoding = 4; lastKnownFileType = sourcecode.swift; path = FlashlightButton.swift; sourceTree = "<group>"; };
		BEED21B02256E9FC00394EE9 /* Momentum.swift */ = {isa = PBXFileReference; fileEncoding = 4; lastKnownFileType = sourcecode.swift; path = Momentum.swift; sourceTree = "<group>"; };
		BEED21B12256E9FC00394EE9 /* GradientView.swift */ = {isa = PBXFileReference; fileEncoding = 4; lastKnownFileType = sourcecode.swift; path = GradientView.swift; sourceTree = "<group>"; };
		BEED21B22256E9FC00394EE9 /* Rotation.swift */ = {isa = PBXFileReference; fileEncoding = 4; lastKnownFileType = sourcecode.swift; path = Rotation.swift; sourceTree = "<group>"; };
		BEED21B32256E9FC00394EE9 /* UIColorExtensions.swift */ = {isa = PBXFileReference; fileEncoding = 4; lastKnownFileType = sourcecode.swift; path = UIColorExtensions.swift; sourceTree = "<group>"; };
		BEED21C22256EA6700394EE9 /* InterfaceViewController.swift */ = {isa = PBXFileReference; fileEncoding = 4; lastKnownFileType = sourcecode.swift; path = InterfaceViewController.swift; sourceTree = "<group>"; };
		BEED21C5225702A700394EE9 /* ParallaxImageViewController.swift */ = {isa = PBXFileReference; fileEncoding = 4; lastKnownFileType = sourcecode.swift; path = ParallaxImageViewController.swift; sourceTree = "<group>"; };
		BEED21C6225702A700394EE9 /* PagingCollectionViewFlowLayout.swift */ = {isa = PBXFileReference; fileEncoding = 4; lastKnownFileType = sourcecode.swift; path = PagingCollectionViewFlowLayout.swift; sourceTree = "<group>"; };
		BEED21C8225702A800394EE9 /* ParallaxImageAppearCollectionViewCell.swift */ = {isa = PBXFileReference; fileEncoding = 4; lastKnownFileType = sourcecode.swift; path = ParallaxImageAppearCollectionViewCell.swift; sourceTree = "<group>"; };
		BEED21C9225702A800394EE9 /* ParallaxImageCollectionViewCell.swift */ = {isa = PBXFileReference; fileEncoding = 4; lastKnownFileType = sourcecode.swift; path = ParallaxImageCollectionViewCell.swift; sourceTree = "<group>"; };
		BEED21CA225702A800394EE9 /* ParallaxScaleCollectionViewCell.swift */ = {isa = PBXFileReference; fileEncoding = 4; lastKnownFileType = sourcecode.swift; path = ParallaxScaleCollectionViewCell.swift; sourceTree = "<group>"; };
		BEED21CB225702A800394EE9 /* ParallaxTheEndCollectionViewCell.swift */ = {isa = PBXFileReference; fileEncoding = 4; lastKnownFileType = sourcecode.swift; path = ParallaxTheEndCollectionViewCell.swift; sourceTree = "<group>"; };
		BEED21CC225702A800394EE9 /* ParallaxIntroCollectionViewCell.swift */ = {isa = PBXFileReference; fileEncoding = 4; lastKnownFileType = sourcecode.swift; path = ParallaxIntroCollectionViewCell.swift; sourceTree = "<group>"; };
		BEED21CD225702A800394EE9 /* ParallaxDoubleImageCollectionViewCell.swift */ = {isa = PBXFileReference; fileEncoding = 4; lastKnownFileType = sourcecode.swift; path = ParallaxDoubleImageCollectionViewCell.swift; sourceTree = "<group>"; };
		BEED21CF225702A800394EE9 /* ParallaxImageView.swift */ = {isa = PBXFileReference; fileEncoding = 4; lastKnownFileType = sourcecode.swift; path = ParallaxImageView.swift; sourceTree = "<group>"; };
		BEED21D0225702A800394EE9 /* ProgressDotView.swift */ = {isa = PBXFileReference; fileEncoding = 4; lastKnownFileType = sourcecode.swift; path = ProgressDotView.swift; sourceTree = "<group>"; };
		C94510D0D3BC18488A79302C /* Pods_FluidInterfaces.framework */ = {isa = PBXFileReference; explicitFileType = wrapper.framework; includeInIndex = 0; path = Pods_FluidInterfaces.framework; sourceTree = BUILT_PRODUCTS_DIR; };
/* End PBXFileReference section */

/* Begin PBXFrameworksBuildPhase section */
		BEED217F2256E28900394EE9 /* Frameworks */ = {
			isa = PBXFrameworksBuildPhase;
			buildActionMask = 2147483647;
			files = (
				9D53D86D626BF28DAFD75F90 /* Pods_FluidInterfaces.framework in Frameworks */,
			);
			runOnlyForDeploymentPostprocessing = 0;
		};
/* End PBXFrameworksBuildPhase section */

/* Begin PBXGroup section */
		5DB2D94DE6958A3FA4A2A8B6 /* Pods */ = {
			isa = PBXGroup;
			children = (
				90C0DCABE961A5C224B1036C /* Pods-FluidInterfaces.debug.xcconfig */,
				721C0494238824A526333666 /* Pods-FluidInterfaces.release.xcconfig */,
			);
			path = Pods;
			sourceTree = "<group>";
		};
		875BA3992D1FD523DFA43193 /* Frameworks */ = {
			isa = PBXGroup;
			children = (
				C94510D0D3BC18488A79302C /* Pods_FluidInterfaces.framework */,
			);
			name = Frameworks;
			sourceTree = "<group>";
		};
		BEED21792256E28900394EE9 = {
			isa = PBXGroup;
			children = (
				BEED21842256E28900394EE9 /* FluidInterfaces */,
				BEED21832256E28900394EE9 /* Products */,
				5DB2D94DE6958A3FA4A2A8B6 /* Pods */,
				875BA3992D1FD523DFA43193 /* Frameworks */,
			);
			sourceTree = "<group>";
		};
		BEED21832256E28900394EE9 /* Products */ = {
			isa = PBXGroup;
			children = (
				BEED21822256E28900394EE9 /* FluidInterfaces.app */,
			);
			name = Products;
			sourceTree = "<group>";
		};
		BEED21842256E28900394EE9 /* FluidInterfaces */ = {
			isa = PBXGroup;
			children = (
				BEED21C42256FE3D00394EE9 /* Parade */,
				BEED21A52256E7A400394EE9 /* FluidInterfaces */,
				BEED219C2256E53100394EE9 /* AnimatedWaveView */,
				BEED21972256E3F200394EE9 /* AppleWatchBreathe */,
				BEED21852256E28900394EE9 /* AppDelegate.swift */,
				BEED21872256E28900394EE9 /* MenuViewController.swift */,
				BEED21C22256EA6700394EE9 /* InterfaceViewController.swift */,
				BEED21AA2256E9FC00394EE9 /* Interface.swift */,
				BEED21892256E28900394EE9 /* Main.storyboard */,
				BEED218C2256E28A00394EE9 /* Assets.xcassets */,
				BEED218E2256E28A00394EE9 /* LaunchScreen.storyboard */,
				BEED21912256E28A00394EE9 /* Info.plist */,
			);
			path = FluidInterfaces;
			sourceTree = "<group>";
		};
		BEED21972256E3F200394EE9 /* AppleWatchBreathe */ = {
			isa = PBXGroup;
			children = (
				BEED219A2256E42D00394EE9 /* BreatheView.swift */,
				BEED21982256E40400394EE9 /* AppleWatchBreatheVC.swift */,
			);
			path = AppleWatchBreathe;
			sourceTree = "<group>";
		};
		BEED219C2256E53100394EE9 /* AnimatedWaveView */ = {
			isa = PBXGroup;
			children = (
				BEED219F2256E58800394EE9 /* AnimatedWaveView.swift */,
				BEED21A02256E58800394EE9 /* PathBuilder.swift */,
				BEED21A12256E58800394EE9 /* RadialGradientLayer.swift */,
				BEED219D2256E57F00394EE9 /* AnimatedWaveViewVC.swift */,
			);
			path = AnimatedWaveView;
			sourceTree = "<group>";
		};
		BEED21A52256E7A400394EE9 /* FluidInterfaces */ = {
			isa = PBXGroup;
			children = (
				BEED21AC2256E9FC00394EE9 /* Acceleration.swift */,
				BEED21A62256E9FC00394EE9 /* CalculatorButton.swift */,
				BEED21A82256E9FC00394EE9 /* CGPointExtensions.swift */,
				BEED21AF2256E9FC00394EE9 /* FlashlightButton.swift */,
				BEED21B12256E9FC00394EE9 /* GradientView.swift */,
				BEED21B02256E9FC00394EE9 /* Momentum.swift */,
				BEED21A72256E9FC00394EE9 /* Pip.swift */,
				BEED21B22256E9FC00394EE9 /* Rotation.swift */,
				BEED21AB2256E9FC00394EE9 /* Rubberbanding.swift */,
				BEED21A92256E9FC00394EE9 /* Spring.swift */,
				BEED21AE2256E9FC00394EE9 /* SwiftExtensions.swift */,
				BEED21B32256E9FC00394EE9 /* UIColorExtensions.swift */,
				BEED21AD2256E9FC00394EE9 /* UIViewExtensions.swift */,
			);
			path = FluidInterfaces;
			sourceTree = "<group>";
		};
		BEED21C42256FE3D00394EE9 /* Parade */ = {
			isa = PBXGroup;
			children = (
				BEED21C6225702A700394EE9 /* PagingCollectionViewFlowLayout.swift */,
				BEED21C5225702A700394EE9 /* ParallaxImageViewController.swift */,
				BEED21C7225702A800394EE9 /* ParallaxCells */,
			);
			path = Parade;
			sourceTree = "<group>";
		};
		BEED21C7225702A800394EE9 /* ParallaxCells */ = {
			isa = PBXGroup;
			children = (
				BEED21C8225702A800394EE9 /* ParallaxImageAppearCollectionViewCell.swift */,
				BEED21C9225702A800394EE9 /* ParallaxImageCollectionViewCell.swift */,
				BEED21CA225702A800394EE9 /* ParallaxScaleCollectionViewCell.swift */,
				BEED21CB225702A800394EE9 /* ParallaxTheEndCollectionViewCell.swift */,
				BEED21CC225702A800394EE9 /* ParallaxIntroCollectionViewCell.swift */,
				BEED21CD225702A800394EE9 /* ParallaxDoubleImageCollectionViewCell.swift */,
				BEED21CE225702A800394EE9 /* Views */,
			);
			path = ParallaxCells;
			sourceTree = "<group>";
		};
		BEED21CE225702A800394EE9 /* Views */ = {
			isa = PBXGroup;
			children = (
				BEED21CF225702A800394EE9 /* ParallaxImageView.swift */,
				BEED21D0225702A800394EE9 /* ProgressDotView.swift */,
			);
			path = Views;
			sourceTree = "<group>";
		};
/* End PBXGroup section */

/* Begin PBXNativeTarget section */
		BEED21812256E28900394EE9 /* FluidInterfaces */ = {
			isa = PBXNativeTarget;
			buildConfigurationList = BEED21942256E28A00394EE9 /* Build configuration list for PBXNativeTarget "FluidInterfaces" */;
			buildPhases = (
				26DFF7942FE51D38909EFA00 /* [CP] Check Pods Manifest.lock */,
				BEED217E2256E28900394EE9 /* Sources */,
				BEED217F2256E28900394EE9 /* Frameworks */,
				BEED21802256E28900394EE9 /* Resources */,
				D5D7271629203C38468040F1 /* [CP] Embed Pods Frameworks */,
			);
			buildRules = (
			);
			dependencies = (
			);
			name = FluidInterfaces;
			productName = FluidInterfaces;
			productReference = BEED21822256E28900394EE9 /* FluidInterfaces.app */;
			productType = "com.apple.product-type.application";
		};
/* End PBXNativeTarget section */

/* Begin PBXProject section */
		BEED217A2256E28900394EE9 /* Project object */ = {
			isa = PBXProject;
			attributes = {
				LastSwiftUpdateCheck = 1020;
				LastUpgradeCheck = 1020;
				ORGANIZATIONNAME = "黄伯驹";
				TargetAttributes = {
					BEED21812256E28900394EE9 = {
						CreatedOnToolsVersion = 10.2;
					};
				};
			};
			buildConfigurationList = BEED217D2256E28900394EE9 /* Build configuration list for PBXProject "FluidInterfaces" */;
			compatibilityVersion = "Xcode 9.3";
			developmentRegion = en;
			hasScannedForEncodings = 0;
			knownRegions = (
				en,
				Base,
			);
			mainGroup = BEED21792256E28900394EE9;
			productRefGroup = BEED21832256E28900394EE9 /* Products */;
			projectDirPath = "";
			projectRoot = "";
			targets = (
				BEED21812256E28900394EE9 /* FluidInterfaces */,
			);
		};
/* End PBXProject section */

/* Begin PBXResourcesBuildPhase section */
		BEED21802256E28900394EE9 /* Resources */ = {
			isa = PBXResourcesBuildPhase;
			buildActionMask = 2147483647;
			files = (
				BEED21902256E28A00394EE9 /* LaunchScreen.storyboard in Resources */,
				BEED218D2256E28A00394EE9 /* Assets.xcassets in Resources */,
				BEED218B2256E28900394EE9 /* Main.storyboard in Resources */,
			);
			runOnlyForDeploymentPostprocessing = 0;
		};
/* End PBXResourcesBuildPhase section */

/* Begin PBXShellScriptBuildPhase section */
		26DFF7942FE51D38909EFA00 /* [CP] Check Pods Manifest.lock */ = {
			isa = PBXShellScriptBuildPhase;
			buildActionMask = 2147483647;
			files = (
			);
			inputFileListPaths = (
			);
			inputPaths = (
				"${PODS_PODFILE_DIR_PATH}/Podfile.lock",
				"${PODS_ROOT}/Manifest.lock",
			);
			name = "[CP] Check Pods Manifest.lock";
			outputFileListPaths = (
			);
			outputPaths = (
				"$(DERIVED_FILE_DIR)/Pods-FluidInterfaces-checkManifestLockResult.txt",
			);
			runOnlyForDeploymentPostprocessing = 0;
			shellPath = /bin/sh;
			shellScript = "diff \"${PODS_PODFILE_DIR_PATH}/Podfile.lock\" \"${PODS_ROOT}/Manifest.lock\" > /dev/null\nif [ $? != 0 ] ; then\n    # print error to STDERR\n    echo \"error: The sandbox is not in sync with the Podfile.lock. Run 'pod install' or update your CocoaPods installation.\" >&2\n    exit 1\nfi\n# This output is used by Xcode 'outputs' to avoid re-running this script phase.\necho \"SUCCESS\" > \"${SCRIPT_OUTPUT_FILE_0}\"\n";
			showEnvVarsInLog = 0;
		};
		D5D7271629203C38468040F1 /* [CP] Embed Pods Frameworks */ = {
			isa = PBXShellScriptBuildPhase;
			buildActionMask = 2147483647;
			files = (
			);
			inputFileListPaths = (
			);
			inputPaths = (
				"${PODS_ROOT}/Target Support Files/Pods-FluidInterfaces/Pods-FluidInterfaces-frameworks.sh",
				"${BUILT_PRODUCTS_DIR}/Elephant-Parade/Elephant_Parade.framework",
			);
			name = "[CP] Embed Pods Frameworks";
			outputFileListPaths = (
			);
			outputPaths = (
				"${TARGET_BUILD_DIR}/${FRAMEWORKS_FOLDER_PATH}/Elephant_Parade.framework",
			);
			runOnlyForDeploymentPostprocessing = 0;
			shellPath = /bin/sh;
			shellScript = "\"${PODS_ROOT}/Target Support Files/Pods-FluidInterfaces/Pods-FluidInterfaces-frameworks.sh\"\n";
			showEnvVarsInLog = 0;
		};
/* End PBXShellScriptBuildPhase section */

/* Begin PBXSourcesBuildPhase section */
		BEED217E2256E28900394EE9 /* Sources */ = {
			isa = PBXSourcesBuildPhase;
			buildActionMask = 2147483647;
			files = (
				BEED21992256E40400394EE9 /* AppleWatchBreatheVC.swift in Sources */,
				BEED21D1225702A800394EE9 /* ParallaxImageViewController.swift in Sources */,
				BEED21D7225702A800394EE9 /* ParallaxIntroCollectionViewCell.swift in Sources */,
				BEED21B42256E9FD00394EE9 /* CalculatorButton.swift in Sources */,
				BEED21BF2256E9FD00394EE9 /* GradientView.swift in Sources */,
				BEED21D9225702A800394EE9 /* ParallaxImageView.swift in Sources */,
				BEED21B72256E9FD00394EE9 /* Spring.swift in Sources */,
				BEED21A32256E58800394EE9 /* PathBuilder.swift in Sources */,
				BEED21BA2256E9FD00394EE9 /* Acceleration.swift in Sources */,
				BEED21D2225702A800394EE9 /* PagingCollectionViewFlowLayout.swift in Sources */,
				BEED21882256E28900394EE9 /* MenuViewController.swift in Sources */,
				BEED219B2256E42D00394EE9 /* BreatheView.swift in Sources */,
				BEED21B52256E9FD00394EE9 /* Pip.swift in Sources */,
				BEED21A42256E58800394EE9 /* RadialGradientLayer.swift in Sources */,
				BEED21862256E28900394EE9 /* AppDelegate.swift in Sources */,
				BEED21C32256EA6700394EE9 /* InterfaceViewController.swift in Sources */,
				BEED21BB2256E9FD00394EE9 /* UIViewExtensions.swift in Sources */,
				BEED21D4225702A800394EE9 /* ParallaxImageCollectionViewCell.swift in Sources */,
				BEED21D5225702A800394EE9 /* ParallaxScaleCollectionViewCell.swift in Sources */,
				BEED21B82256E9FD00394EE9 /* Interface.swift in Sources */,
				BEED21A22256E58800394EE9 /* AnimatedWaveView.swift in Sources */,
				BEED21C02256E9FD00394EE9 /* Rotation.swift in Sources */,
				BEED21DA225702A800394EE9 /* ProgressDotView.swift in Sources */,
				BEED21B92256E9FD00394EE9 /* Rubberbanding.swift in Sources */,
				BEED21BC2256E9FD00394EE9 /* SwiftExtensions.swift in Sources */,
				BEED21D8225702A800394EE9 /* ParallaxDoubleImageCollectionViewCell.swift in Sources */,
				BEED21C12256E9FD00394EE9 /* UIColorExtensions.swift in Sources */,
				BEED21BD2256E9FD00394EE9 /* FlashlightButton.swift in Sources */,
				BEED21D3225702A800394EE9 /* ParallaxImageAppearCollectionViewCell.swift in Sources */,
				BEED219E2256E57F00394EE9 /* AnimatedWaveViewVC.swift in Sources */,
				BEED21D6225702A800394EE9 /* ParallaxTheEndCollectionViewCell.swift in Sources */,
				BEED21BE2256E9FD00394EE9 /* Momentum.swift in Sources */,
				BEED21B62256E9FD00394EE9 /* CGPointExtensions.swift in Sources */,
			);
			runOnlyForDeploymentPostprocessing = 0;
		};
/* End PBXSourcesBuildPhase section */

/* Begin PBXVariantGroup section */
		BEED21892256E28900394EE9 /* Main.storyboard */ = {
			isa = PBXVariantGroup;
			children = (
				BEED218A2256E28900394EE9 /* Base */,
			);
			name = Main.storyboard;
			sourceTree = "<group>";
		};
		BEED218E2256E28A00394EE9 /* LaunchScreen.storyboard */ = {
			isa = PBXVariantGroup;
			children = (
				BEED218F2256E28A00394EE9 /* Base */,
			);
			name = LaunchScreen.storyboard;
			sourceTree = "<group>";
		};
/* End PBXVariantGroup section */

/* Begin XCBuildConfiguration section */
		BEED21922256E28A00394EE9 /* Debug */ = {
			isa = XCBuildConfiguration;
			buildSettings = {
				ALWAYS_SEARCH_USER_PATHS = NO;
				CLANG_ANALYZER_NONNULL = YES;
				CLANG_ANALYZER_NUMBER_OBJECT_CONVERSION = YES_AGGRESSIVE;
				CLANG_CXX_LANGUAGE_STANDARD = "gnu++14";
				CLANG_CXX_LIBRARY = "libc++";
				CLANG_ENABLE_MODULES = YES;
				CLANG_ENABLE_OBJC_ARC = YES;
				CLANG_ENABLE_OBJC_WEAK = YES;
				CLANG_WARN_BLOCK_CAPTURE_AUTORELEASING = YES;
				CLANG_WARN_BOOL_CONVERSION = YES;
				CLANG_WARN_COMMA = YES;
				CLANG_WARN_CONSTANT_CONVERSION = YES;
				CLANG_WARN_DEPRECATED_OBJC_IMPLEMENTATIONS = YES;
				CLANG_WARN_DIRECT_OBJC_ISA_USAGE = YES_ERROR;
				CLANG_WARN_DOCUMENTATION_COMMENTS = YES;
				CLANG_WARN_EMPTY_BODY = YES;
				CLANG_WARN_ENUM_CONVERSION = YES;
				CLANG_WARN_INFINITE_RECURSION = YES;
				CLANG_WARN_INT_CONVERSION = YES;
				CLANG_WARN_NON_LITERAL_NULL_CONVERSION = YES;
				CLANG_WARN_OBJC_IMPLICIT_RETAIN_SELF = YES;
				CLANG_WARN_OBJC_LITERAL_CONVERSION = YES;
				CLANG_WARN_OBJC_ROOT_CLASS = YES_ERROR;
				CLANG_WARN_RANGE_LOOP_ANALYSIS = YES;
				CLANG_WARN_STRICT_PROTOTYPES = YES;
				CLANG_WARN_SUSPICIOUS_MOVE = YES;
				CLANG_WARN_UNGUARDED_AVAILABILITY = YES_AGGRESSIVE;
				CLANG_WARN_UNREACHABLE_CODE = YES;
				CLANG_WARN__DUPLICATE_METHOD_MATCH = YES;
				CODE_SIGN_IDENTITY = "iPhone Developer";
				COPY_PHASE_STRIP = NO;
				DEBUG_INFORMATION_FORMAT = dwarf;
				ENABLE_STRICT_OBJC_MSGSEND = YES;
				ENABLE_TESTABILITY = YES;
				GCC_C_LANGUAGE_STANDARD = gnu11;
				GCC_DYNAMIC_NO_PIC = NO;
				GCC_NO_COMMON_BLOCKS = YES;
				GCC_OPTIMIZATION_LEVEL = 0;
				GCC_PREPROCESSOR_DEFINITIONS = (
					"DEBUG=1",
					"$(inherited)",
				);
				GCC_WARN_64_TO_32_BIT_CONVERSION = YES;
				GCC_WARN_ABOUT_RETURN_TYPE = YES_ERROR;
				GCC_WARN_UNDECLARED_SELECTOR = YES;
				GCC_WARN_UNINITIALIZED_AUTOS = YES_AGGRESSIVE;
				GCC_WARN_UNUSED_FUNCTION = YES;
				GCC_WARN_UNUSED_VARIABLE = YES;
				IPHONEOS_DEPLOYMENT_TARGET = 12.2;
				MTL_ENABLE_DEBUG_INFO = INCLUDE_SOURCE;
				MTL_FAST_MATH = YES;
				ONLY_ACTIVE_ARCH = YES;
				SDKROOT = iphoneos;
				SWIFT_ACTIVE_COMPILATION_CONDITIONS = DEBUG;
				SWIFT_OPTIMIZATION_LEVEL = "-Onone";
			};
			name = Debug;
		};
		BEED21932256E28A00394EE9 /* Release */ = {
			isa = XCBuildConfiguration;
			buildSettings = {
				ALWAYS_SEARCH_USER_PATHS = NO;
				CLANG_ANALYZER_NONNULL = YES;
				CLANG_ANALYZER_NUMBER_OBJECT_CONVERSION = YES_AGGRESSIVE;
				CLANG_CXX_LANGUAGE_STANDARD = "gnu++14";
				CLANG_CXX_LIBRARY = "libc++";
				CLANG_ENABLE_MODULES = YES;
				CLANG_ENABLE_OBJC_ARC = YES;
				CLANG_ENABLE_OBJC_WEAK = YES;
				CLANG_WARN_BLOCK_CAPTURE_AUTORELEASING = YES;
				CLANG_WARN_BOOL_CONVERSION = YES;
				CLANG_WARN_COMMA = YES;
				CLANG_WARN_CONSTANT_CONVERSION = YES;
				CLANG_WARN_DEPRECATED_OBJC_IMPLEMENTATIONS = YES;
				CLANG_WARN_DIRECT_OBJC_ISA_USAGE = YES_ERROR;
				CLANG_WARN_DOCUMENTATION_COMMENTS = YES;
				CLANG_WARN_EMPTY_BODY = YES;
				CLANG_WARN_ENUM_CONVERSION = YES;
				CLANG_WARN_INFINITE_RECURSION = YES;
				CLANG_WARN_INT_CONVERSION = YES;
				CLANG_WARN_NON_LITERAL_NULL_CONVERSION = YES;
				CLANG_WARN_OBJC_IMPLICIT_RETAIN_SELF = YES;
				CLANG_WARN_OBJC_LITERAL_CONVERSION = YES;
				CLANG_WARN_OBJC_ROOT_CLASS = YES_ERROR;
				CLANG_WARN_RANGE_LOOP_ANALYSIS = YES;
				CLANG_WARN_STRICT_PROTOTYPES = YES;
				CLANG_WARN_SUSPICIOUS_MOVE = YES;
				CLANG_WARN_UNGUARDED_AVAILABILITY = YES_AGGRESSIVE;
				CLANG_WARN_UNREACHABLE_CODE = YES;
				CLANG_WARN__DUPLICATE_METHOD_MATCH = YES;
				CODE_SIGN_IDENTITY = "iPhone Developer";
				COPY_PHASE_STRIP = NO;
				DEBUG_INFORMATION_FORMAT = "dwarf-with-dsym";
				ENABLE_NS_ASSERTIONS = NO;
				ENABLE_STRICT_OBJC_MSGSEND = YES;
				GCC_C_LANGUAGE_STANDARD = gnu11;
				GCC_NO_COMMON_BLOCKS = YES;
				GCC_WARN_64_TO_32_BIT_CONVERSION = YES;
				GCC_WARN_ABOUT_RETURN_TYPE = YES_ERROR;
				GCC_WARN_UNDECLARED_SELECTOR = YES;
				GCC_WARN_UNINITIALIZED_AUTOS = YES_AGGRESSIVE;
				GCC_WARN_UNUSED_FUNCTION = YES;
				GCC_WARN_UNUSED_VARIABLE = YES;
				IPHONEOS_DEPLOYMENT_TARGET = 12.2;
				MTL_ENABLE_DEBUG_INFO = NO;
				MTL_FAST_MATH = YES;
				SDKROOT = iphoneos;
				SWIFT_COMPILATION_MODE = wholemodule;
				SWIFT_OPTIMIZATION_LEVEL = "-O";
				VALIDATE_PRODUCT = YES;
			};
			name = Release;
		};
		BEED21952256E28A00394EE9 /* Debug */ = {
			isa = XCBuildConfiguration;
			baseConfigurationReference = 90C0DCABE961A5C224B1036C /* Pods-FluidInterfaces.debug.xcconfig */;
			buildSettings = {
				ASSETCATALOG_COMPILER_APPICON_NAME = AppIcon;
				CODE_SIGN_STYLE = Automatic;
				DEVELOPMENT_TEAM = D2CVGDWDEG;
				INFOPLIST_FILE = FluidInterfaces/Info.plist;
				LD_RUNPATH_SEARCH_PATHS = (
					"$(inherited)",
					"@executable_path/Frameworks",
				);
				PRODUCT_BUNDLE_IDENTIFIER = com.boju.FluidInterfaces;
				PRODUCT_NAME = "$(TARGET_NAME)";
				SWIFT_VERSION = 5.0;
				TARGETED_DEVICE_FAMILY = "1,2";
			};
			name = Debug;
		};
		BEED21962256E28A00394EE9 /* Release */ = {
			isa = XCBuildConfiguration;
			baseConfigurationReference = 721C0494238824A526333666 /* Pods-FluidInterfaces.release.xcconfig */;
			buildSettings = {
				ASSETCATALOG_COMPILER_APPICON_NAME = AppIcon;
				CODE_SIGN_STYLE = Automatic;
				DEVELOPMENT_TEAM = D2CVGDWDEG;
				INFOPLIST_FILE = FluidInterfaces/Info.plist;
				LD_RUNPATH_SEARCH_PATHS = (
					"$(inherited)",
					"@executable_path/Frameworks",
				);
				PRODUCT_BUNDLE_IDENTIFIER = com.boju.FluidInterfaces;
				PRODUCT_NAME = "$(TARGET_NAME)";
				SWIFT_VERSION = 5.0;
				TARGETED_DEVICE_FAMILY = "1,2";
			};
			name = Release;
		};
/* End XCBuildConfiguration section */

/* Begin XCConfigurationList section */
		BEED217D2256E28900394EE9 /* Build configuration list for PBXProject "FluidInterfaces" */ = {
			isa = XCConfigurationList;
			buildConfigurations = (
				BEED21922256E28A00394EE9 /* Debug */,
				BEED21932256E28A00394EE9 /* Release */,
			);
			defaultConfigurationIsVisible = 0;
			defaultConfigurationName = Release;
		};
		BEED21942256E28A00394EE9 /* Build configuration list for PBXNativeTarget "FluidInterfaces" */ = {
			isa = XCConfigurationList;
			buildConfigurations = (
				BEED21952256E28A00394EE9 /* Debug */,
				BEED21962256E28A00394EE9 /* Release */,
			);
			defaultConfigurationIsVisible = 0;
			defaultConfigurationName = Release;
		};
/* End XCConfigurationList section */
	};
	rootObject = BEED217A2256E28900394EE9 /* Project object */;
}
